{
  "name": "remark-preset-davidtheclark",
  "version": "0.1.0",
  "lockfileVersion": 1,
  "requires": true,
  "dependencies": {
    "co": {
      "version": "3.1.0",
      "resolved": "https://registry.npmjs.org/co/-/co-3.1.0.tgz",
      "integrity": "sha1-TqVOpaCJOBUxheFSEMaNkJK8G3g="
    },
    "emoji-regex": {
      "version": "6.1.1",
      "resolved": "https://registry.npmjs.org/emoji-regex/-/emoji-regex-6.1.1.tgz",
      "integrity": "sha1-xs0OwbBkLio8Z6ETfvxeeW2k+I4="
    },
    "extend": {
      "version": "2.0.1",
      "resolved": "https://registry.npmjs.org/extend/-/extend-2.0.1.tgz",
      "integrity": "sha1-HugBBonnOV/5RIJByYZSvHWagmA="
    },
    "github-slugger": {
      "version": "1.1.3",
      "resolved": "https://registry.npmjs.org/github-slugger/-/github-slugger-1.1.3.tgz",
      "integrity": "sha1-MUpudZoYwrDMV2DVEsy6tUnFSac=",
      "requires": {
        "emoji-regex": "6.1.1"
      }
    },
    "hosted-git-info": {
      "version": "2.5.0",
      "resolved": "https://registry.npmjs.org/hosted-git-info/-/hosted-git-info-2.5.0.tgz",
      "integrity": "sha512-pNgbURSuab90KbTqvRPsseaTxOJCZBD0a7t+haSN33piP9cCM4l0CqdzAif2hUqm716UovKB2ROmiabGAKVXyg=="
    },
    "irregular-plurals": {
      "version": "1.3.0",
      "resolved": "https://registry.npmjs.org/irregular-plurals/-/irregular-plurals-1.3.0.tgz",
      "integrity": "sha512-njf5A+Mxb3kojuHd1DzISjjIl+XhyzovXEOyPPSzdQozq/Lf2tN27mOrAAsxEPZxpn6I4MGzs1oo9TxXxPFpaA=="
    },
    "levenshtein-edit-distance": {
      "version": "1.0.0",
      "resolved": "https://registry.npmjs.org/levenshtein-edit-distance/-/levenshtein-edit-distance-1.0.0.tgz",
      "integrity": "sha1-iVuvR4zOi1waDSfkXXwdl4pmHkk="
    },
    "mdast-util-definitions": {
      "version": "1.2.2",
      "resolved": "https://registry.npmjs.org/mdast-util-definitions/-/mdast-util-definitions-1.2.2.tgz",
      "integrity": "sha512-9NloPSwaB9f1PKcGqaScfqRf6zKOEjTIXVIbPOmgWI/JKxznlgVXC5C+8qgl3AjYg2vJBRgLYfLICaNiac89iA==",
      "requires": {
        "unist-util-visit": "1.1.3"
      }
    },
    "mdast-util-heading-style": {
      "version": "1.0.3",
      "resolved": "https://registry.npmjs.org/mdast-util-heading-style/-/mdast-util-heading-style-1.0.3.tgz",
      "integrity": "sha1-77OQ28iqAWw89XegNJANsn7nJHw="
    },
    "mdast-util-to-string": {
      "version": "1.0.4",
      "resolved": "https://registry.npmjs.org/mdast-util-to-string/-/mdast-util-to-string-1.0.4.tgz",
      "integrity": "sha1-XEVch4yTVfDB5/PotxnPWDaRrPs="
    },
    "mdast-util-toc": {
      "version": "2.0.1",
      "resolved": "https://registry.npmjs.org/mdast-util-toc/-/mdast-util-toc-2.0.1.tgz",
      "integrity": "sha1-sdLLI7+wH4Evp7Vb/+iwqL7fbyE=",
      "requires": {
        "github-slugger": "1.1.3",
        "mdast-util-to-string": "1.0.4",
        "unist-util-visit": "1.1.3"
      }
    },
    "plur": {
      "version": "2.1.2",
      "resolved": "https://registry.npmjs.org/plur/-/plur-2.1.2.tgz",
      "integrity": "sha1-dIJFLBoPUI4+NE6uwxLJHCncZVo=",
      "requires": {
        "irregular-plurals": "1.3.0"
      }
    },
    "propose": {
      "version": "0.0.5",
      "resolved": "https://registry.npmjs.org/propose/-/propose-0.0.5.tgz",
      "integrity": "sha1-SKBl2ex9TIZn9AULFcSi2F28pWs=",
      "requires": {
        "levenshtein-edit-distance": "1.0.0"
      }
    },
    "remark-lint-blockquote-indentation": {
      "version": "1.0.1",
      "resolved": "https://registry.npmjs.org/remark-lint-blockquote-indentation/-/remark-lint-blockquote-indentation-1.0.1.tgz",
      "integrity": "sha512-YrP99MJ3+dQ5JXzq39fUOcYzwcumva/xEM1eFtD2TrQcSdlMLoqYa7gj+aEEhZCjlA5BssTiVoWWW0RjyPPGZw==",
      "requires": {
        "mdast-util-to-string": "1.0.4",
        "plur": "2.1.2",
        "unified-lint-rule": "1.0.2",
        "unist-util-generated": "1.1.1",
        "unist-util-position": "3.0.0",
        "unist-util-visit": "1.1.3"
      }
    },
    "remark-lint-code-block-style": {
      "version": "1.0.1",
      "resolved": "https://registry.npmjs.org/remark-lint-code-block-style/-/remark-lint-code-block-style-1.0.1.tgz",
      "integrity": "sha512-FRUMhhKwCruH4vkatdMhVO4WlYpysV1NmMILVoK/k+/7uFLSfgvlqo66nzhpMdWL8TQHqdo0LhiXuetGC2WjsQ==",
      "requires": {
        "unified-lint-rule": "1.0.2",
        "unist-util-generated": "1.1.1",
        "unist-util-position": "3.0.0",
        "unist-util-visit": "1.1.3"
      }
    },
    "remark-lint-definition-case": {
      "version": "1.0.1",
      "resolved": "https://registry.npmjs.org/remark-lint-definition-case/-/remark-lint-definition-case-1.0.1.tgz",
      "integrity": "sha512-TxLye5KF4o/rKVTvmPRX5jS9itamFS02yy1IG8bIYcIAJvWsW3GlJaXq4ohK3hKwSQOhtCherEfD6XF9BHLNYQ==",
      "requires": {
        "unified-lint-rule": "1.0.2",
        "unist-util-generated": "1.1.1",
        "unist-util-position": "3.0.0",
        "unist-util-visit": "1.1.3"
      }
    },
    "remark-lint-definition-spacing": {
      "version": "1.0.1",
      "resolved": "https://registry.npmjs.org/remark-lint-definition-spacing/-/remark-lint-definition-spacing-1.0.1.tgz",
      "integrity": "sha512-ewzdlFfpTSP11ZuiOln0yfz6Y03aWtgJmLVQNfF1spaT1gURaShjs8Hiilbo719bz96DgvXSZLP6UnkSiZL1vg==",
      "requires": {
        "unified-lint-rule": "1.0.2",
        "unist-util-generated": "1.1.1",
        "unist-util-position": "3.0.0",
        "unist-util-visit": "1.1.3"
      }
    },
    "remark-lint-emphasis-marker": {
      "version": "1.0.1",
      "resolved": "https://registry.npmjs.org/remark-lint-emphasis-marker/-/remark-lint-emphasis-marker-1.0.1.tgz",
      "integrity": "sha512-QyNsD6y8EZQqhechw0XFGybYMlxn6PFLSlFUO50KSQlJEOgkImN2yJfrNrET2GY4t/fc/uYmeI/q7auUIkLX2w==",
      "requires": {
        "unified-lint-rule": "1.0.2",
        "unist-util-generated": "1.1.1",
        "unist-util-position": "3.0.0",
        "unist-util-visit": "1.1.3"
      }
    },
    "remark-lint-fenced-code-marker": {
      "version": "1.0.1",
      "resolved": "https://registry.npmjs.org/remark-lint-fenced-code-marker/-/remark-lint-fenced-code-marker-1.0.1.tgz",
      "integrity": "sha512-mX7xAMl5m7xGX+YtOtyXIyv+egD4IQAm6DPGdfunI734QwODwcoBydtpTD56jrY+48nVcQ/anFYT1Blg3Xk3sQ==",
      "requires": {
        "unified-lint-rule": "1.0.2",
        "unist-util-generated": "1.1.1",
        "unist-util-position": "3.0.0",
        "unist-util-visit": "1.1.3"
      }
    },
    "remark-lint-file-extension": {
      "version": "1.0.1",
      "resolved": "https://registry.npmjs.org/remark-lint-file-extension/-/remark-lint-file-extension-1.0.1.tgz",
      "integrity": "sha512-K1Pf5oviaFyCs0FhZqaNZ2odgd5KoV6AlA4nNAMxyylB0Y6t0mYpzECoLSS5Bgxf6f8Op9YbuM2cbjBAsv0dIA==",
      "requires": {
        "unified-lint-rule": "1.0.2"
      }
    },
    "remark-lint-final-definition": {
      "version": "1.0.1",
      "resolved": "https://registry.npmjs.org/remark-lint-final-definition/-/remark-lint-final-definition-1.0.1.tgz",
      "integrity": "sha512-DK6bphJdQ0xSOQAn+8wOyLIVc3SZW2+ZzCMCLkQnVtHiQ9GHMzFiCkeE3Cq+OClsMI5Yn8wFTHZHPUn58VhNEQ==",
      "requires": {
        "unified-lint-rule": "1.0.2",
        "unist-util-generated": "1.1.1",
        "unist-util-position": "3.0.0",
        "unist-util-visit": "1.1.3"
      }
    },
    "remark-lint-first-heading-level": {
      "version": "1.1.1",
      "resolved": "https://registry.npmjs.org/remark-lint-first-heading-level/-/remark-lint-first-heading-level-1.1.1.tgz",
      "integrity": "sha512-R11L8arXZy+uAZIioSRVWhp4f6Oere/Q071INTX8g4uvuZrC/uKDjxa3iZ6dlWCfLijC0z/s2JbeqwYbV5QrCA==",
      "requires": {
        "unified-lint-rule": "1.0.2",
        "unist-util-generated": "1.1.1",
        "unist-util-visit": "1.1.3"
      }
    },
    "remark-lint-heading-style": {
      "version": "1.0.1",
      "resolved": "https://registry.npmjs.org/remark-lint-heading-style/-/remark-lint-heading-style-1.0.1.tgz",
      "integrity": "sha512-m9Gqr091YdxUtG69xdXYH8fSd3+nsrsMamB/qSWpVSZuWQKZ1mRotr1LO9NphJh6vhw8IfBtG07wgEDn6b40sQ==",
      "requires": {
        "mdast-util-heading-style": "1.0.3",
        "unified-lint-rule": "1.0.2",
        "unist-util-generated": "1.1.1",
        "unist-util-visit": "1.1.3"
      }
    },
    "remark-lint-list-item-indent": {
      "version": "1.0.1",
      "resolved": "https://registry.npmjs.org/remark-lint-list-item-indent/-/remark-lint-list-item-indent-1.0.1.tgz",
      "integrity": "sha512-dSUFGQYtduuaos+5oXH89RTk0rGUe6DFf04q+rxQ7Z3YRbuXhAU2nYeY0/HENYiWJU1xFLteZkDvKMj0NfS3DQ==",
      "requires": {
        "plur": "2.1.2",
        "unified-lint-rule": "1.0.2",
        "unist-util-generated": "1.1.1",
        "unist-util-position": "3.0.0",
        "unist-util-visit": "1.1.3"
      }
    },
    "remark-lint-no-consecutive-blank-lines": {
      "version": "1.0.1",
      "resolved": "https://registry.npmjs.org/remark-lint-no-consecutive-blank-lines/-/remark-lint-no-consecutive-blank-lines-1.0.1.tgz",
      "integrity": "sha512-IhyUiGTpb/hjtusIVg10q963KeL5CyNfbWOfDZ1KtY2tvdoSPRGrrCuTKo6OG8r1qavM6bU0mtRuIBqNh4lIzA==",
      "requires": {
        "plur": "2.1.2",
        "unified-lint-rule": "1.0.2",
        "unist-util-generated": "1.1.1",
        "unist-util-position": "3.0.0",
        "unist-util-visit": "1.1.3"
      }
    },
    "remark-lint-no-duplicate-definitions": {
      "version": "1.0.1",
      "resolved": "https://registry.npmjs.org/remark-lint-no-duplicate-definitions/-/remark-lint-no-duplicate-definitions-1.0.1.tgz",
      "integrity": "sha512-3I0V3UVJ0gkDKZahSZ0xdFmklecr5SMwXcWbVBzXvHR59LqgjMVHFI7G/QZ6k2imOl1X22YVRz+mpMjacu2Ipw==",
      "requires": {
        "unified-lint-rule": "1.0.2",
        "unist-util-generated": "1.1.1",
        "unist-util-position": "3.0.0",
        "unist-util-visit": "1.1.3"
      }
    },
    "remark-lint-no-duplicate-headings": {
      "version": "1.0.1",
      "resolved": "https://registry.npmjs.org/remark-lint-no-duplicate-headings/-/remark-lint-no-duplicate-headings-1.0.1.tgz",
      "integrity": "sha512-iZZxyZgwnjvDkydKZzqHBueJvIpGbxnITmgd8xN8TOLZoAg9/KGTQRAkotL1HXNRdkzwggfgB9ONxv/rWtYBmg==",
      "requires": {
        "mdast-util-to-string": "1.0.4",
        "unified-lint-rule": "1.0.2",
        "unist-util-generated": "1.1.1",
        "unist-util-position": "3.0.0",
        "unist-util-visit": "1.1.3"
      }
    },
    "remark-lint-no-file-name-consecutive-dashes": {
      "version": "1.0.1",
      "resolved": "https://registry.npmjs.org/remark-lint-no-file-name-consecutive-dashes/-/remark-lint-no-file-name-consecutive-dashes-1.0.1.tgz",
      "integrity": "sha512-YP2HBwA00yeD7phvxp4ftiqbfBPfYHPgPfcEcb8oNa1WlUh/58cs9DbSHWKsZG+XLkvEaheC6qUQG02jEKZHPA==",
      "requires": {
        "unified-lint-rule": "1.0.2"
      }
    },
    "remark-lint-no-file-name-irregular-characters": {
      "version": "1.0.1",
      "resolved": "https://registry.npmjs.org/remark-lint-no-file-name-irregular-characters/-/remark-lint-no-file-name-irregular-characters-1.0.1.tgz",
      "integrity": "sha512-+ks/V6OVMGOPZKw+fe2E4DPvLoslGxvdgtqXq2Nyz0cEdYX8RP45kI79V4w95H7UCJAeOFM9mZzVLvmCY1sEbg==",
      "requires": {
        "unified-lint-rule": "1.0.2"
      }
    },
    "remark-lint-no-file-name-mixed-case": {
      "version": "1.0.1",
      "resolved": "https://registry.npmjs.org/remark-lint-no-file-name-mixed-case/-/remark-lint-no-file-name-mixed-case-1.0.1.tgz",
      "integrity": "sha512-bcqPsow1C0LrsKII1YehUO7VPOER7nze6FzsZZ8/NP+d200OL7Y7VMCqN1kscAvG+PTJgjznyXuLEpy7KQnVFg==",
      "requires": {
        "unified-lint-rule": "1.0.2"
      }
    },
    "remark-lint-no-file-name-outer-dashes": {
      "version": "1.0.2",
      "resolved": "https://registry.npmjs.org/remark-lint-no-file-name-outer-dashes/-/remark-lint-no-file-name-outer-dashes-1.0.2.tgz",
      "integrity": "sha512-BVEwLrA4kipalgKrxhncpgtmh6eUmHBH1ggC+X3csYR4X5vXv4vHQqpov4I1vMyWxMLMBnq7lTL3Iqp0CS4vwg==",
      "requires": {
        "unified-lint-rule": "1.0.2"
      }
    },
    "remark-lint-no-heading-content-indent": {
      "version": "1.0.1",
      "resolved": "https://registry.npmjs.org/remark-lint-no-heading-content-indent/-/remark-lint-no-heading-content-indent-1.0.1.tgz",
      "integrity": "sha512-VHOqVx3Qb9tckHu/DkpQjBqlXQHcfabKaSuiXdeH+G0sfgWOxL0KCmA6fsUqUdj7xJ8Q7YpH/c3wb3nZ/85d+Q==",
      "requires": {
        "mdast-util-heading-style": "1.0.3",
        "plur": "2.1.2",
        "unified-lint-rule": "1.0.2",
        "unist-util-generated": "1.1.1",
        "unist-util-position": "3.0.0",
        "unist-util-visit": "1.1.3"
      }
    },
    "remark-lint-no-heading-indent": {
      "version": "1.0.1",
      "resolved": "https://registry.npmjs.org/remark-lint-no-heading-indent/-/remark-lint-no-heading-indent-1.0.1.tgz",
      "integrity": "sha512-NbNZQj+/S6v510FscCTjg/du3KzI0p2CHzqlHRw+4Evryo1O9G7cgSaTT8TC4Eb/h4gGFAPwXuaSKW8noWWBcQ==",
      "requires": {
        "plur": "2.1.2",
        "unified-lint-rule": "1.0.2",
        "unist-util-generated": "1.1.1",
        "unist-util-position": "3.0.0",
        "unist-util-visit": "1.1.3"
      }
    },
    "remark-lint-no-missing-blank-lines": {
      "version": "1.0.1",
      "resolved": "https://registry.npmjs.org/remark-lint-no-missing-blank-lines/-/remark-lint-no-missing-blank-lines-1.0.1.tgz",
      "integrity": "sha512-Sy0wagAuLR2otaT9CdTiPrIju17nzKvF/7ernvhRrGCyhiI9ptn982OlIpe74NFJZFw7KoTq6W1yvscJ9CO8Vw==",
      "requires": {
        "unified-lint-rule": "1.0.2",
        "unist-util-generated": "1.1.1",
        "unist-util-position": "3.0.0",
        "unist-util-visit": "1.1.3"
      }
    },
    "remark-lint-no-multiple-toplevel-headings": {
      "version": "1.0.1",
      "resolved": "https://registry.npmjs.org/remark-lint-no-multiple-toplevel-headings/-/remark-lint-no-multiple-toplevel-headings-1.0.1.tgz",
      "integrity": "sha512-LFfgjF3NKFkt0tGNnJ8Exf8+DrVcMRwek5qu5mvh2KrZnmSpm5flYWzUy2UnnIyicDL3CZYC/r3Fjz6CeBYgZA==",
      "requires": {
        "unified-lint-rule": "1.0.2",
        "unist-util-generated": "1.1.1",
        "unist-util-position": "3.0.0",
        "unist-util-visit": "1.1.3"
      }
    },
    "remark-lint-no-tabs": {
      "version": "1.0.1",
      "resolved": "https://registry.npmjs.org/remark-lint-no-tabs/-/remark-lint-no-tabs-1.0.1.tgz",
      "integrity": "sha512-sFNCjz3MpX2TKo4vvo9s6iX8C0MsTmw10iC0F6mk3FKZ694bkHnEQOPhz5oyZIodV+QJ2wKqpZkuyXruIshjtA==",
      "requires": {
        "unified-lint-rule": "1.0.2",
        "vfile-location": "2.0.2"
      }
    },
    "remark-lint-strong-marker": {
      "version": "1.0.1",
      "resolved": "https://registry.npmjs.org/remark-lint-strong-marker/-/remark-lint-strong-marker-1.0.1.tgz",
      "integrity": "sha512-+bwWKWAqDwqd21Vw+ndqVFh5V27Dp4MKhk9AUlKmcvgJYHuvQ8UfWQdpZcP218ps/4EbwTfyi33TaPyXqOTlXA==",
      "requires": {
        "unified-lint-rule": "1.0.2",
        "unist-util-generated": "1.1.1",
        "unist-util-position": "3.0.0",
        "unist-util-visit": "1.1.3"
      }
    },
    "remark-slug": {
      "version": "4.2.3",
      "resolved": "https://registry.npmjs.org/remark-slug/-/remark-slug-4.2.3.tgz",
      "integrity": "sha1-jZh9Dl5j1KSeo3uQ/pmaPc/IG3I=",
      "requires": {
        "github-slugger": "1.1.3",
        "mdast-util-to-string": "1.0.4",
        "unist-util-visit": "1.1.3"
      }
    },
    "remark-toc": {
      "version": "4.0.1",
      "resolved": "https://registry.npmjs.org/remark-toc/-/remark-toc-4.0.1.tgz",
      "integrity": "sha1-/zb/beVOoH3Vnj9TNKSjqsHpMYU=",
      "requires": {
        "mdast-util-toc": "2.0.1",
        "remark-slug": "4.2.3"
      }
    },
    "remark-validate-links": {
      "version": "7.0.0",
      "resolved": "https://registry.npmjs.org/remark-validate-links/-/remark-validate-links-7.0.0.tgz",
      "integrity": "sha512-e6k7JUeQICBwLv2aHdlgIDQIiiuWdOdM7U0eWCAM19kI3HmEbfUill/hftC83W0YW7JuO4JKqIDJO+6fZTIxBg==",
      "requires": {
        "hosted-git-info": "2.5.0",
        "mdast-util-definitions": "1.2.2",
        "propose": "0.0.5",
        "remark-slug": "4.2.3",
        "unist-util-visit": "1.1.3",
        "urljoin": "0.1.5",
        "xtend": "4.0.1"
      }
    },
    "sliced": {
      "version": "1.0.1",
      "resolved": "https://registry.npmjs.org/sliced/-/sliced-1.0.1.tgz",
      "integrity": "sha1-CzpmK10Ewxd7GSa+qCsD+Dei70E="
    },
    "unified-lint-rule": {
      "version": "1.0.2",
      "resolved": "https://registry.npmjs.org/unified-lint-rule/-/unified-lint-rule-1.0.2.tgz",
      "integrity": "sha512-WkqwMC1aijHE17W3Z1co7aTI+Dzo1jHdwhI66fTClU1yOTbzAsTqlOD6eeR/MI9235Y3nu2jMDcm8GCeq4gaLg==",
      "requires": {
        "wrapped": "1.0.1"
      }
    },
    "unist-util-generated": {
      "version": "1.1.1",
      "resolved": "https://registry.npmjs.org/unist-util-generated/-/unist-util-generated-1.1.1.tgz",
      "integrity": "sha1-mfFseJWayFTe58YVwpGSTIv03n8="
    },
    "unist-util-position": {
      "version": "3.0.0",
      "resolved": "https://registry.npmjs.org/unist-util-position/-/unist-util-position-3.0.0.tgz",
      "integrity": "sha1-5uHgPu64HF4a/lU+jUrfvXwNj4I="
    },
    "unist-util-visit": {
      "version": "1.1.3",
      "resolved": "https://registry.npmjs.org/unist-util-visit/-/unist-util-visit-1.1.3.tgz",
      "integrity": "sha1-7CaOcxudJ3p5pbWqBkOZDkBdYAs="
    },
    "urljoin": {
      "version": "0.1.5",
      "resolved": "https://registry.npmjs.org/urljoin/-/urljoin-0.1.5.tgz",
      "integrity": "sha1-sl0sYRLFWsnVAJakmg8ft/T1OSE=",
      "requires": {
        "extend": "2.0.1"
      }
    },
    "vfile-location": {
      "version": "2.0.2",
      "resolved": "https://registry.npmjs.org/vfile-location/-/vfile-location-2.0.2.tgz",
      "integrity": "sha1-02dcWch3SY5JK0dW/2Xkrxp1IlU="
    },
    "wrapped": {
      "version": "1.0.1",
      "resolved": "https://registry.npmjs.org/wrapped/-/wrapped-1.0.1.tgz",
      "integrity": "sha1-x4PZ2Aeyc+mwHoUWgKk4yHyQckI=",
      "requires": {
        "co": "3.1.0",
        "sliced": "1.0.1"
      }
    },
    "xtend": {
      "version": "4.0.1",
      "resolved": "https://registry.npmjs.org/xtend/-/xtend-4.0.1.tgz",
      "integrity": "sha1-pcbVMr5lbiPbgg77lDofBJmNY68="
    }
  }
}
